
Microsoft Visual Studio Solution File, Format Version 12.00
# Visual Studio Version 16
VisualStudioVersion = 16.0.31105.61
MinimumVisualStudioVersion = 10.0.40219.1
Project("{FAE04EC0-301F-11D3-BF4B-00C04F79EFBC}") = "TinyTasteBuds", "TinyTasteBuds\TinyTasteBuds.csproj", "{F2533ABC-B1B9-4547-B8F2-4152982E626E}"
EndProject
Global
	GlobalSection(SolutionConfigurationPlatforms) = preSolution
		Debug|Any CPU = Debug|Any CPU
		Release|Any CPU = Release|Any CPU
	EndGlobalSection
	GlobalSection(ProjectConfigurationPlatforms) = postSolution
		{F2533ABC-B1B9-4547-B8F2-4152982E626E}.Debug|Any CPU.ActiveCfg = Debug|Any CPU
		{F2533ABC-B1B9-4547-B8F2-4152982E626E}.Debug|Any CPU.Build.0 = Debug|Any CPU
		{F2533ABC-B1B9-4547-B8F2-4152982E626E}.Release|Any CPU.ActiveCfg = Release|Any CPU
		{F2533ABC-B1B9-4547-B8F2-4152982E626E}.Release|Any CPU.Build.0 = Release|Any CPU
	EndGlobalSection
	GlobalSection(SolutionProperties) = preSolution
		HideSolutionNode = FALSE
	EndGlobalSection
	GlobalSection(ExtensibilityGlobals) = postSolution
		SolutionGuid = {BDD2929B-2253-417B-9BC0-E685CF555858}
	EndGlobalSection
EndGlobal
